
Microsoft Visual Studio Solution File, Format Version 12.00
# Visual Studio Version 17
VisualStudioVersion = 17.14.37012.4 d17.14
MinimumVisualStudioVersion = 10.0.40219.1
Project("{FAE04EC0-301F-11D3-BF4B-00C04F79EFBC}") = "DrivingSchoolLandingPage", "DrivingSchoolLandingPage\DrivingSchoolLandingPage.csproj", "{F6BC288C-3E1C-45AE-93A3-A045B3EFD7B7}"
EndProject
Global
	GlobalSection(SolutionConfigurationPlatforms) = preSolution
		Debug|Any CPU = Debug|Any CPU
		Release|Any CPU = Release|Any CPU
	EndGlobalSection
	GlobalSection(ProjectConfigurationPlatforms) = postSolution
		{F6BC288C-3E1C-45AE-93A3-A045B3EFD7B7}.Debug|Any CPU.ActiveCfg = Debug|Any CPU
		{F6BC288C-3E1C-45AE-93A3-A045B3EFD7B7}.Debug|Any CPU.Build.0 = Debug|Any CPU
		{F6BC288C-3E1C-45AE-93A3-A045B3EFD7B7}.Release|Any CPU.ActiveCfg = Release|Any CPU
		{F6BC288C-3E1C-45AE-93A3-A045B3EFD7B7}.Release|Any CPU.Build.0 = Release|Any CPU
	EndGlobalSection
	GlobalSection(SolutionProperties) = preSolution
		HideSolutionNode = FALSE
	EndGlobalSection
	GlobalSection(ExtensibilityGlobals) = postSolution
		SolutionGuid = {4A0E4D71-8A48-4239-AE52-CC6FC2729016}
	EndGlobalSection
EndGlobal
